
Microsoft Visual Studio Solution File, Format Version 12.00
# Visual Studio 2012
Project("{E24C65DC-7377-472B-9ABA-BC803B73C61A}") = "CompetenceManager(1)", "http://localhost:51226", "{BBB3EF1D-837C-4BEE-900B-32B84EEA7BF4}"
	ProjectSection(WebsiteProperties) = preProject
		UseIISExpress = "true"
		TargetFrameworkMoniker = ".NETFramework,Version%3Dv4.5"
		Debug.AspNetCompiler.VirtualPath = "/localhost_51226"
		Debug.AspNetCompiler.PhysicalPath = "..\..\WebSites\CompetenceManager\"
		Debug.AspNetCompiler.TargetPath = "PrecompiledWeb\localhost_51226\"
		Debug.AspNetCompiler.Updateable = "true"
		Debug.AspNetCompiler.ForceOverwrite = "true"
		Debug.AspNetCompiler.FixedNames = "false"
		Debug.AspNetCompiler.Debug = "True"
		Release.AspNetCompiler.VirtualPath = "/localhost_51226"
		Release.AspNetCompiler.PhysicalPath = "..\..\WebSites\CompetenceManager\"
		Release.AspNetCompiler.TargetPath = "PrecompiledWeb\localhost_51226\"
		Release.AspNetCompiler.Updateable = "true"
		Release.AspNetCompiler.ForceOverwrite = "true"
		Release.AspNetCompiler.FixedNames = "false"
		Release.AspNetCompiler.Debug = "False"
		SlnRelativePath = "..\..\WebSites\CompetenceManager\"
		DefaultWebSiteLanguage = "Visual C#"
	EndProjectSection
EndProject
Global
	GlobalSection(SolutionConfigurationPlatforms) = preSolution
		Debug|Any CPU = Debug|Any CPU
	EndGlobalSection
	GlobalSection(ProjectConfigurationPlatforms) = postSolution
		{BBB3EF1D-837C-4BEE-900B-32B84EEA7BF4}.Debug|Any CPU.ActiveCfg = Debug|Any CPU
		{BBB3EF1D-837C-4BEE-900B-32B84EEA7BF4}.Debug|Any CPU.Build.0 = Debug|Any CPU
	EndGlobalSection
	GlobalSection(SolutionProperties) = preSolution
		HideSolutionNode = FALSE
	EndGlobalSection
EndGlobal
